
Microsoft Visual Studio Solution File, Format Version 12.00
# Visual Studio Version 16
VisualStudioVersion = 16.0.31105.61
MinimumVisualStudioVersion = 10.0.40219.1
Project("{FAE04EC0-301F-11D3-BF4B-00C04F79EFBC}") = "Ejercicio_2", "Ejercicio_2\Ejercicio_2.csproj", "{0FF0396D-1C4B-4D10-A60D-C75741F12C1B}"
EndProject
Global
	GlobalSection(SolutionConfigurationPlatforms) = preSolution
		Debug|Any CPU = Debug|Any CPU
		Release|Any CPU = Release|Any CPU
	EndGlobalSection
	GlobalSection(ProjectConfigurationPlatforms) = postSolution
		{0FF0396D-1C4B-4D10-A60D-C75741F12C1B}.Debug|Any CPU.ActiveCfg = Debug|Any CPU
		{0FF0396D-1C4B-4D10-A60D-C75741F12C1B}.Debug|Any CPU.Build.0 = Debug|Any CPU
		{0FF0396D-1C4B-4D10-A60D-C75741F12C1B}.Release|Any CPU.ActiveCfg = Release|Any CPU
		{0FF0396D-1C4B-4D10-A60D-C75741F12C1B}.Release|Any CPU.Build.0 = Release|Any CPU
	EndGlobalSection
	GlobalSection(SolutionProperties) = preSolution
		HideSolutionNode = FALSE
	EndGlobalSection
	GlobalSection(ExtensibilityGlobals) = postSolution
		SolutionGuid = {5D0C1C60-4B77-455E-9BA7-AEC4B2144566}
	EndGlobalSection
EndGlobal
